Microsoft Visual Studio Solution File, Format Version 12.00
# Visual Studio Version 17
VisualStudioVersion = 17.5.2.0
MinimumVisualStudioVersion = 10.0.40219.1
Project("{FAE04EC0-301F-11D3-BF4B-00C04F79EFBC}") = "JailQueue", "JailQueue\JailQueue.csproj", "{8A13F9B1-9AAC-DDB1-28FB-B79B464A2626}"
EndProject
Project("{FAE04EC0-301F-11D3-BF4B-00C04F79EFBC}") = "JailQueueApi", "JailQueueApi\JailQueueApi.csproj", "{A84A79DF-8B1A-443B-B48D-5518C6B929BB}"
EndProject
Global
	GlobalSection(SolutionConfigurationPlatforms) = preSolution
		Debug|Any CPU = Debug|Any CPU
		Release|Any CPU = Release|Any CPU
	EndGlobalSection
	GlobalSection(ProjectConfigurationPlatforms) = postSolution
		{8A13F9B1-9AAC-DDB1-28FB-B79B464A2626}.Debug|Any CPU.ActiveCfg = Debug|Any CPU
		{8A13F9B1-9AAC-DDB1-28FB-B79B464A2626}.Debug|Any CPU.Build.0 = Debug|Any CPU
		{8A13F9B1-9AAC-DDB1-28FB-B79B464A2626}.Release|Any CPU.ActiveCfg = Release|Any CPU
		{8A13F9B1-9AAC-DDB1-28FB-B79B464A2626}.Release|Any CPU.Build.0 = Release|Any CPU
		{A84A79DF-8B1A-443B-B48D-5518C6B929BB}.Debug|Any CPU.ActiveCfg = Debug|Any CPU
		{A84A79DF-8B1A-443B-B48D-5518C6B929BB}.Debug|Any CPU.Build.0 = Debug|Any CPU
		{A84A79DF-8B1A-443B-B48D-5518C6B929BB}.Release|Any CPU.ActiveCfg = Release|Any CPU
		{A84A79DF-8B1A-443B-B48D-5518C6B929BB}.Release|Any CPU.Build.0 = Release|Any CPU
	EndGlobalSection
	GlobalSection(SolutionProperties) = preSolution
		HideSolutionNode = FALSE
	EndGlobalSection
	GlobalSection(ExtensibilityGlobals) = postSolution
		SolutionGuid = {4AFD1F11-4F08-4B1A-B22F-7D5307C46BA1}
	EndGlobalSection
EndGlobal
